
Microsoft Visual Studio Solution File, Format Version 12.00
# Visual Studio Version 17
VisualStudioVersion = 17.12.35521.163
MinimumVisualStudioVersion = 10.0.40219.1
Project("{FAE04EC0-301F-11D3-BF4B-00C04F79EFBC}") = "Gedcom551", "Gedcom551\Gedcom551.csproj", "{16A1D8C2-A7B7-4A43-A3DB-BF7D628557E7}"
EndProject
Project("{FAE04EC0-301F-11D3-BF4B-00C04F79EFBC}") = "Tests", "Tests\Tests.csproj", "{74292443-48D8-4415-A7D4-C59352F77F64}"
EndProject
Project("{FAE04EC0-301F-11D3-BF4B-00C04F79EFBC}") = "Gedcom551Construct", "Gedcom551Construct\Gedcom551Construct.csproj", "{3B69F9EF-57F1-4301-B72B-AA256376AA3C}"
EndProject
Project("{FAE04EC0-301F-11D3-BF4B-00C04F79EFBC}") = "GedValidate", "GedValidate\GedValidate.csproj", "{7D301746-F649-1296-4D84-0AAD83721F3F}"
EndProject
Global
	GlobalSection(SolutionConfigurationPlatforms) = preSolution
		Debug|Any CPU = Debug|Any CPU
		Release|Any CPU = Release|Any CPU
	EndGlobalSection
	GlobalSection(ProjectConfigurationPlatforms) = postSolution
		{16A1D8C2-A7B7-4A43-A3DB-BF7D628557E7}.Debug|Any CPU.ActiveCfg = Debug|Any CPU
		{16A1D8C2-A7B7-4A43-A3DB-BF7D628557E7}.Debug|Any CPU.Build.0 = Debug|Any CPU
		{16A1D8C2-A7B7-4A43-A3DB-BF7D628557E7}.Release|Any CPU.ActiveCfg = Release|Any CPU
		{16A1D8C2-A7B7-4A43-A3DB-BF7D628557E7}.Release|Any CPU.Build.0 = Release|Any CPU
		{74292443-48D8-4415-A7D4-C59352F77F64}.Debug|Any CPU.ActiveCfg = Debug|Any CPU
		{74292443-48D8-4415-A7D4-C59352F77F64}.Debug|Any CPU.Build.0 = Debug|Any CPU
		{74292443-48D8-4415-A7D4-C59352F77F64}.Release|Any CPU.ActiveCfg = Release|Any CPU
		{74292443-48D8-4415-A7D4-C59352F77F64}.Release|Any CPU.Build.0 = Release|Any CPU
		{3B69F9EF-57F1-4301-B72B-AA256376AA3C}.Debug|Any CPU.ActiveCfg = Debug|Any CPU
		{3B69F9EF-57F1-4301-B72B-AA256376AA3C}.Debug|Any CPU.Build.0 = Debug|Any CPU
		{3B69F9EF-57F1-4301-B72B-AA256376AA3C}.Release|Any CPU.ActiveCfg = Release|Any CPU
		{3B69F9EF-57F1-4301-B72B-AA256376AA3C}.Release|Any CPU.Build.0 = Release|Any CPU
		{7D301746-F649-1296-4D84-0AAD83721F3F}.Debug|Any CPU.ActiveCfg = Debug|Any CPU
		{7D301746-F649-1296-4D84-0AAD83721F3F}.Debug|Any CPU.Build.0 = Debug|Any CPU
		{7D301746-F649-1296-4D84-0AAD83721F3F}.Release|Any CPU.ActiveCfg = Release|Any CPU
		{7D301746-F649-1296-4D84-0AAD83721F3F}.Release|Any CPU.Build.0 = Release|Any CPU
	EndGlobalSection
	GlobalSection(SolutionProperties) = preSolution
		HideSolutionNode = FALSE
	EndGlobalSection
EndGlobal
